// !$*UTF8*$!
{
	archiveVersion = 1;
	classes = {
	};
	objectVersion = 55;
	objects = {

/* Begin PBXBuildFile section */
		81F889DC29412116004BEFFC /* AppDelegate.swift in Sources */ = {isa = PBXBuildFile; fileRef = 81F889DB29412116004BEFFC /* AppDelegate.swift */; };
		81F889DE29412116004BEFFC /* SceneDelegate.swift in Sources */ = {isa = PBXBuildFile; fileRef = 81F889DD29412116004BEFFC /* SceneDelegate.swift */; };
		81F889E529412118004BEFFC /* Assets.xcassets in Resources */ = {isa = PBXBuildFile; fileRef = 81F889E429412118004BEFFC /* Assets.xcassets */; };
		81F889E829412118004BEFFC /* LaunchScreen.storyboard in Resources */ = {isa = PBXBuildFile; fileRef = 81F889E629412118004BEFFC /* LaunchScreen.storyboard */; };
		81F889F1294123EB004BEFFC /* CALayer.swift in Sources */ = {isa = PBXBuildFile; fileRef = 81F889F0294123EB004BEFFC /* CALayer.swift */; };
		81F889F329412429004BEFFC /* ColorPaletteViewExtension.swift in Sources */ = {isa = PBXBuildFile; fileRef = 81F889F229412428004BEFFC /* ColorPaletteViewExtension.swift */; };
		81F889F529412448004BEFFC /* UIColorExtension.swift in Sources */ = {isa = PBXBuildFile; fileRef = 81F889F429412448004BEFFC /* UIColorExtension.swift */; };
		81F889F82941247A004BEFFC /* ColorPaletteView.swift in Sources */ = {isa = PBXBuildFile; fileRef = 81F889F72941247A004BEFFC /* ColorPaletteView.swift */; };
		81F889FC294124C3004BEFFC /* NotesViewController.swift in Sources */ = {isa = PBXBuildFile; fileRef = 81F889FB294124C3004BEFFC /* NotesViewController.swift */; };
		81F889FE29412511004BEFFC /* WelcomeViewController.swift in Sources */ = {isa = PBXBuildFile; fileRef = 81F889FD29412511004BEFFC /* WelcomeViewController.swift */; };
		81F88A012941256A004BEFFC /* AddNoteCell.swift in Sources */ = {isa = PBXBuildFile; fileRef = 81F88A002941256A004BEFFC /* AddNoteCell.swift */; };
		81F88A03294129AF004BEFFC /* NoteCell.swift in Sources */ = {isa = PBXBuildFile; fileRef = 81F88A02294129AF004BEFFC /* NoteCell.swift */; };
		81F88A05294129CC004BEFFC /* ShortNote.swift in Sources */ = {isa = PBXBuildFile; fileRef = 81F88A04294129CC004BEFFC /* ShortNote.swift */; };
		81F88A0829412A10004BEFFC /* AddNoteCellExtension.swift in Sources */ = {isa = PBXBuildFile; fileRef = 81F88A0729412A10004BEFFC /* AddNoteCellExtension.swift */; };
		81F88A0B29412A46004BEFFC /* AddNoteDelegate.swift in Sources */ = {isa = PBXBuildFile; fileRef = 81F88A0A29412A46004BEFFC /* AddNoteDelegate.swift */; };
		81F88A0D29412A5F004BEFFC /* ColorChangeProtocol.swift in Sources */ = {isa = PBXBuildFile; fileRef = 81F88A0C29412A5F004BEFFC /* ColorChangeProtocol.swift */; };
		81F88A1029412A8F004BEFFC /* UIView+Pin.swift in Sources */ = {isa = PBXBuildFile; fileRef = 81F88A0F29412A8F004BEFFC /* UIView+Pin.swift */; };
		81F88A1229412F9A004BEFFC /* NewsListViewController.swift in Sources */ = {isa = PBXBuildFile; fileRef = 81F88A1129412F9A004BEFFC /* NewsListViewController.swift */; };
		81F88A15294131E9004BEFFC /* NewsCell.swift in Sources */ = {isa = PBXBuildFile; fileRef = 81F88A14294131E9004BEFFC /* NewsCell.swift */; };
		81F88A1729413B79004BEFFC /* NewsViewModel.swift in Sources */ = {isa = PBXBuildFile; fileRef = 81F88A1629413B79004BEFFC /* NewsViewModel.swift */; };
		81F88A1929415286004BEFFC /* NewsViewController.swift in Sources */ = {isa = PBXBuildFile; fileRef = 81F88A1829415286004BEFFC /* NewsViewController.swift */; };
		81F88A242942752E004BEFFC /* ApiService.swift in Sources */ = {isa = PBXBuildFile; fileRef = 81F88A232942752E004BEFFC /* ApiService.swift */; };
/* End PBXBuildFile section */

/* Begin PBXFileReference section */
		81F889D829412116004BEFFC /* adlazareva_HW5.app */ = {isa = PBXFileReference; explicitFileType = wrapper.application; includeInIndex = 0; path = adlazareva_HW5.app; sourceTree = BUILT_PRODUCTS_DIR; };
		81F889DB29412116004BEFFC /* AppDelegate.swift */ = {isa = PBXFileReference; lastKnownFileType = sourcecode.swift; path = AppDelegate.swift; sourceTree = "<group>"; };
		81F889DD29412116004BEFFC /* SceneDelegate.swift */ = {isa = PBXFileReference; lastKnownFileType = sourcecode.swift; path = SceneDelegate.swift; sourceTree = "<group>"; };
		81F889E429412118004BEFFC /* Assets.xcassets */ = {isa = PBXFileReference; lastKnownFileType = folder.assetcatalog; path = Assets.xcassets; sourceTree = "<group>"; };
		81F889E729412118004BEFFC /* Base */ = {isa = PBXFileReference; lastKnownFileType = file.storyboard; name = Base; path = Base.lproj/LaunchScreen.storyboard; sourceTree = "<group>"; };
		81F889E929412118004BEFFC /* Info.plist */ = {isa = PBXFileReference; lastKnownFileType = text.plist.xml; path = Info.plist; sourceTree = "<group>"; };
		81F889F0294123EB004BEFFC /* CALayer.swift */ = {isa = PBXFileReference; lastKnownFileType = sourcecode.swift; path = CALayer.swift; sourceTree = "<group>"; };
		81F889F229412428004BEFFC /* ColorPaletteViewExtension.swift */ = {isa = PBXFileReference; lastKnownFileType = sourcecode.swift; path = ColorPaletteViewExtension.swift; sourceTree = "<group>"; };
		81F889F429412448004BEFFC /* UIColorExtension.swift */ = {isa = PBXFileReference; lastKnownFileType = sourcecode.swift; path = UIColorExtension.swift; sourceTree = "<group>"; };
		81F889F72941247A004BEFFC /* ColorPaletteView.swift */ = {isa = PBXFileReference; lastKnownFileType = sourcecode.swift; path = ColorPaletteView.swift; sourceTree = "<group>"; };
		81F889FB294124C3004BEFFC /* NotesViewController.swift */ = {isa = PBXFileReference; lastKnownFileType = sourcecode.swift; path = NotesViewController.swift; sourceTree = "<group>"; };
		81F889FD29412511004BEFFC /* WelcomeViewController.swift */ = {isa = PBXFileReference; lastKnownFileType = sourcecode.swift; path = WelcomeViewController.swift; sourceTree = "<group>"; };
		81F88A002941256A004BEFFC /* AddNoteCell.swift */ = {isa = PBXFileReference; lastKnownFileType = sourcecode.swift; path = AddNoteCell.swift; sourceTree = "<group>"; };
		81F88A02294129AF004BEFFC /* NoteCell.swift */ = {isa = PBXFileReference; lastKnownFileType = sourcecode.swift; path = NoteCell.swift; sourceTree = "<group>"; };
		81F88A04294129CC004BEFFC /* ShortNote.swift */ = {isa = PBXFileReference; lastKnownFileType = sourcecode.swift; path = ShortNote.swift; sourceTree = "<group>"; };
		81F88A0729412A10004BEFFC /* AddNoteCellExtension.swift */ = {isa = PBXFileReference; lastKnownFileType = sourcecode.swift; path = AddNoteCellExtension.swift; sourceTree = "<group>"; };
		81F88A0A29412A46004BEFFC /* AddNoteDelegate.swift */ = {isa = PBXFileReference; lastKnownFileType = sourcecode.swift; path = AddNoteDelegate.swift; sourceTree = "<group>"; };
		81F88A0C29412A5F004BEFFC /* ColorChangeProtocol.swift */ = {isa = PBXFileReference; lastKnownFileType = sourcecode.swift; path = ColorChangeProtocol.swift; sourceTree = "<group>"; };
		81F88A0F29412A8F004BEFFC /* UIView+Pin.swift */ = {isa = PBXFileReference; lastKnownFileType = sourcecode.swift; path = "UIView+Pin.swift"; sourceTree = "<group>"; };
		81F88A1129412F9A004BEFFC /* NewsListViewController.swift */ = {isa = PBXFileReference; lastKnownFileType = sourcecode.swift; path = NewsListViewController.swift; sourceTree = "<group>"; };
		81F88A14294131E9004BEFFC /* NewsCell.swift */ = {isa = PBXFileReference; lastKnownFileType = sourcecode.swift; path = NewsCell.swift; sourceTree = "<group>"; };
		81F88A1629413B79004BEFFC /* NewsViewModel.swift */ = {isa = PBXFileReference; lastKnownFileType = sourcecode.swift; path = NewsViewModel.swift; sourceTree = "<group>"; };
		81F88A1829415286004BEFFC /* NewsViewController.swift */ = {isa = PBXFileReference; lastKnownFileType = sourcecode.swift; path = NewsViewController.swift; sourceTree = "<group>"; };
		81F88A232942752E004BEFFC /* ApiService.swift */ = {isa = PBXFileReference; lastKnownFileType = sourcecode.swift; path = ApiService.swift; sourceTree = "<group>"; };
/* End PBXFileReference section */

/* Begin PBXFrameworksBuildPhase section */
		81F889D529412116004BEFFC /* Frameworks */ = {
			isa = PBXFrameworksBuildPhase;
			buildActionMask = 2147483647;
			files = (
			);
			runOnlyForDeploymentPostprocessing = 0;
		};
/* End PBXFrameworksBuildPhase section */

/* Begin PBXGroup section */
		81F889CF29412115004BEFFC = {
			isa = PBXGroup;
			children = (
				81F889DA29412116004BEFFC /* adlazareva_HW5 */,
				81F889D929412116004BEFFC /* Products */,
			);
			sourceTree = "<group>";
		};
		81F889D929412116004BEFFC /* Products */ = {
			isa = PBXGroup;
			children = (
				81F889D829412116004BEFFC /* adlazareva_HW5.app */,
			);
			name = Products;
			sourceTree = "<group>";
		};
		81F889DA29412116004BEFFC /* adlazareva_HW5 */ = {
			isa = PBXGroup;
			children = (
				81F88A1D2942745F004BEFFC /* Components */,
				81F88A1A29427433004BEFFC /* Models */,
				81F88A0929412A2B004BEFFC /* Protocols */,
				81F889F92941249A004BEFFC /* Controllers */,
				81F88A22294274D6004BEFFC /* Extensions */,
				81F889DB29412116004BEFFC /* AppDelegate.swift */,
				81F889DD29412116004BEFFC /* SceneDelegate.swift */,
				81F889E429412118004BEFFC /* Assets.xcassets */,
				81F889E629412118004BEFFC /* LaunchScreen.storyboard */,
				81F889E929412118004BEFFC /* Info.plist */,
			);
			path = adlazareva_HW5;
			sourceTree = "<group>";
		};
		81F889EF294123C7004BEFFC /* ColorExtensions */ = {
			isa = PBXGroup;
			children = (
				81F889F0294123EB004BEFFC /* CALayer.swift */,
				81F889F229412428004BEFFC /* ColorPaletteViewExtension.swift */,
				81F889F429412448004BEFFC /* UIColorExtension.swift */,
			);
			path = ColorExtensions;
			sourceTree = "<group>";
		};
		81F889F62941245D004BEFFC /* ColorPaletteView */ = {
			isa = PBXGroup;
			children = (
				81F889F72941247A004BEFFC /* ColorPaletteView.swift */,
			);
			path = ColorPaletteView;
			sourceTree = "<group>";
		};
		81F889F92941249A004BEFFC /* Controllers */ = {
			isa = PBXGroup;
			children = (
				81F889FB294124C3004BEFFC /* NotesViewController.swift */,
				81F889FD29412511004BEFFC /* WelcomeViewController.swift */,
				81F88A1129412F9A004BEFFC /* NewsListViewController.swift */,
				81F88A1829415286004BEFFC /* NewsViewController.swift */,
			);
			path = Controllers;
			sourceTree = "<group>";
		};
		81F889FF29412542004BEFFC /* NotesView */ = {
			isa = PBXGroup;
			children = (
				81F88A002941256A004BEFFC /* AddNoteCell.swift */,
				81F88A02294129AF004BEFFC /* NoteCell.swift */,
				81F88A04294129CC004BEFFC /* ShortNote.swift */,
			);
			path = NotesView;
			sourceTree = "<group>";
		};
		81F88A06294129F7004BEFFC /* NotesExtensions */ = {
			isa = PBXGroup;
			children = (
				81F88A0729412A10004BEFFC /* AddNoteCellExtension.swift */,
			);
			path = NotesExtensions;
			sourceTree = "<group>";
		};
		81F88A0929412A2B004BEFFC /* Protocols */ = {
			isa = PBXGroup;
			children = (
				81F88A0A29412A46004BEFFC /* AddNoteDelegate.swift */,
				81F88A0C29412A5F004BEFFC /* ColorChangeProtocol.swift */,
			);
			path = Protocols;
			sourceTree = "<group>";
		};
		81F88A0E29412A75004BEFFC /* UIView */ = {
			isa = PBXGroup;
			children = (
				81F88A0F29412A8F004BEFFC /* UIView+Pin.swift */,
			);
			path = UIView;
			sourceTree = "<group>";
		};
		81F88A1A29427433004BEFFC /* Models */ = {
			isa = PBXGroup;
			children = (
				81F88A1629413B79004BEFFC /* NewsViewModel.swift */,
				81F88A232942752E004BEFFC /* ApiService.swift */,
			);
			path = Models;
			sourceTree = "<group>";
		};
		81F88A1D2942745F004BEFFC /* Components */ = {
			isa = PBXGroup;
			children = (
				81F88A14294131E9004BEFFC /* NewsCell.swift */,
				81F889F62941245D004BEFFC /* ColorPaletteView */,
				81F889FF29412542004BEFFC /* NotesView */,
			);
			path = Components;
			sourceTree = "<group>";
		};
		81F88A22294274D6004BEFFC /* Extensions */ = {
			isa = PBXGroup;
			children = (
				81F88A0E29412A75004BEFFC /* UIView */,
				81F88A06294129F7004BEFFC /* NotesExtensions */,
				81F889EF294123C7004BEFFC /* ColorExtensions */,
			);
			path = Extensions;
			sourceTree = "<group>";
		};
/* End PBXGroup section */

/* Begin PBXNativeTarget section */
		81F889D729412116004BEFFC /* adlazareva_HW5 */ = {
			isa = PBXNativeTarget;
			buildConfigurationList = 81F889EC29412118004BEFFC /* Build configuration list for PBXNativeTarget "adlazareva_HW5" */;
			buildPhases = (
				81F889D429412116004BEFFC /* Sources */,
				81F889D529412116004BEFFC /* Frameworks */,
				81F889D629412116004BEFFC /* Resources */,
			);
			buildRules = (
			);
			dependencies = (
			);
			name = adlazareva_HW5;
			productName = adlazareva_HW5;
			productReference = 81F889D829412116004BEFFC /* adlazareva_HW5.app */;
			productType = "com.apple.product-type.application";
		};
/* End PBXNativeTarget section */

/* Begin PBXProject section */
		81F889D029412115004BEFFC /* Project object */ = {
			isa = PBXProject;
			attributes = {
				BuildIndependentTargetsInParallel = 1;
				LastSwiftUpdateCheck = 1410;
				LastUpgradeCheck = 1410;
				TargetAttributes = {
					81F889D729412116004BEFFC = {
						CreatedOnToolsVersion = 14.1;
					};
				};
			};
			buildConfigurationList = 81F889D329412115004BEFFC /* Build configuration list for PBXProject "adlazareva_HW5" */;
			compatibilityVersion = "Xcode 13.0";
			developmentRegion = en;
			hasScannedForEncodings = 0;
			knownRegions = (
				en,
				Base,
			);
			mainGroup = 81F889CF29412115004BEFFC;
			productRefGroup = 81F889D929412116004BEFFC /* Products */;
			projectDirPath = "";
			projectRoot = "";
			targets = (
				81F889D729412116004BEFFC /* adlazareva_HW5 */,
			);
		};
/* End PBXProject section */

/* Begin PBXResourcesBuildPhase section */
		81F889D629412116004BEFFC /* Resources */ = {
			isa = PBXResourcesBuildPhase;
			buildActionMask = 2147483647;
			files = (
				81F889E829412118004BEFFC /* LaunchScreen.storyboard in Resources */,
				81F889E529412118004BEFFC /* Assets.xcassets in Resources */,
			);
			runOnlyForDeploymentPostprocessing = 0;
		};
/* End PBXResourcesBuildPhase section */

/* Begin PBXSourcesBuildPhase section */
		81F889D429412116004BEFFC /* Sources */ = {
			isa = PBXSourcesBuildPhase;
			buildActionMask = 2147483647;
			files = (
				81F889FE29412511004BEFFC /* WelcomeViewController.swift in Sources */,
				81F88A1729413B79004BEFFC /* NewsViewModel.swift in Sources */,
				81F889F329412429004BEFFC /* ColorPaletteViewExtension.swift in Sources */,
				81F889F82941247A004BEFFC /* ColorPaletteView.swift in Sources */,
				81F88A0B29412A46004BEFFC /* AddNoteDelegate.swift in Sources */,
				81F889F1294123EB004BEFFC /* CALayer.swift in Sources */,
				81F88A242942752E004BEFFC /* ApiService.swift in Sources */,
				81F88A1029412A8F004BEFFC /* UIView+Pin.swift in Sources */,
				81F88A1929415286004BEFFC /* NewsViewController.swift in Sources */,
				81F88A0D29412A5F004BEFFC /* ColorChangeProtocol.swift in Sources */,
				81F88A012941256A004BEFFC /* AddNoteCell.swift in Sources */,
				81F889FC294124C3004BEFFC /* NotesViewController.swift in Sources */,
				81F889DC29412116004BEFFC /* AppDelegate.swift in Sources */,
				81F88A03294129AF004BEFFC /* NoteCell.swift in Sources */,
				81F889DE29412116004BEFFC /* SceneDelegate.swift in Sources */,
				81F88A0829412A10004BEFFC /* AddNoteCellExtension.swift in Sources */,
				81F88A15294131E9004BEFFC /* NewsCell.swift in Sources */,
				81F88A05294129CC004BEFFC /* ShortNote.swift in Sources */,
				81F889F529412448004BEFFC /* UIColorExtension.swift in Sources */,
				81F88A1229412F9A004BEFFC /* NewsListViewController.swift in Sources */,
			);
			runOnlyForDeploymentPostprocessing = 0;
		};
/* End PBXSourcesBuildPhase section */

/* Begin PBXVariantGroup section */
		81F889E629412118004BEFFC /* LaunchScreen.storyboard */ = {
			isa = PBXVariantGroup;
			children = (
				81F889E729412118004BEFFC /* Base */,
			);
			name = LaunchScreen.storyboard;
			sourceTree = "<group>";
		};
/* End PBXVariantGroup section */

/* Begin XCBuildConfiguration section */
		81F889EA29412118004BEFFC /* Debug */ = {
			isa = XCBuildConfiguration;
			buildSettings = {
				ALWAYS_SEARCH_USER_PATHS = NO;
				CLANG_ANALYZER_NONNULL = YES;
				CLANG_ANALYZER_NUMBER_OBJECT_CONVERSION = YES_AGGRESSIVE;
				CLANG_CXX_LANGUAGE_STANDARD = "gnu++20";
				CLANG_ENABLE_MODULES = YES;
				CLANG_ENABLE_OBJC_ARC = YES;
				CLANG_ENABLE_OBJC_WEAK = YES;
				CLANG_WARN_BLOCK_CAPTURE_AUTORELEASING = YES;
				CLANG_WARN_BOOL_CONVERSION = YES;
				CLANG_WARN_COMMA = YES;
				CLANG_WARN_CONSTANT_CONVERSION = YES;
				CLANG_WARN_DEPRECATED_OBJC_IMPLEMENTATIONS = YES;
				CLANG_WARN_DIRECT_OBJC_ISA_USAGE = YES_ERROR;
				CLANG_WARN_DOCUMENTATION_COMMENTS = YES;
				CLANG_WARN_EMPTY_BODY = YES;
				CLANG_WARN_ENUM_CONVERSION = YES;
				CLANG_WARN_INFINITE_RECURSION = YES;
				CLANG_WARN_INT_CONVERSION = YES;
				CLANG_WARN_NON_LITERAL_NULL_CONVERSION = YES;
				CLANG_WARN_OBJC_IMPLICIT_RETAIN_SELF = YES;
				CLANG_WARN_OBJC_LITERAL_CONVERSION = YES;
				CLANG_WARN_OBJC_ROOT_CLASS = YES_ERROR;
				CLANG_WARN_QUOTED_INCLUDE_IN_FRAMEWORK_HEADER = YES;
				CLANG_WARN_RANGE_LOOP_ANALYSIS = YES;
				CLANG_WARN_STRICT_PROTOTYPES = YES;
				CLANG_WARN_SUSPICIOUS_MOVE = YES;
				CLANG_WARN_UNGUARDED_AVAILABILITY = YES_AGGRESSIVE;
				CLANG_WARN_UNREACHABLE_CODE = YES;
				CLANG_WARN__DUPLICATE_METHOD_MATCH = YES;
				COPY_PHASE_STRIP = NO;
				DEBUG_INFORMATION_FORMAT = dwarf;
				ENABLE_STRICT_OBJC_MSGSEND = YES;
				ENABLE_TESTABILITY = YES;
				GCC_C_LANGUAGE_STANDARD = gnu11;
				GCC_DYNAMIC_NO_PIC = NO;
				GCC_NO_COMMON_BLOCKS = YES;
				GCC_OPTIMIZATION_LEVEL = 0;
				GCC_PREPROCESSOR_DEFINITIONS = (
					"DEBUG=1",
					"$(inherited)",
				);
				GCC_WARN_64_TO_32_BIT_CONVERSION = YES;
				GCC_WARN_ABOUT_RETURN_TYPE = YES_ERROR;
				GCC_WARN_UNDECLARED_SELECTOR = YES;
				GCC_WARN_UNINITIALIZED_AUTOS = YES_AGGRESSIVE;
				GCC_WARN_UNUSED_FUNCTION = YES;
				GCC_WARN_UNUSED_VARIABLE = YES;
				IPHONEOS_DEPLOYMENT_TARGET = 16.0;
				MTL_ENABLE_DEBUG_INFO = INCLUDE_SOURCE;
				MTL_FAST_MATH = YES;
				ONLY_ACTIVE_ARCH = YES;
				SDKROOT = iphoneos;
				SWIFT_ACTIVE_COMPILATION_CONDITIONS = DEBUG;
				SWIFT_OPTIMIZATION_LEVEL = "-Onone";
			};
			name = Debug;
		};
		81F889EB29412118004BEFFC /* Release */ = {
			isa = XCBuildConfiguration;
			buildSettings = {
				ALWAYS_SEARCH_USER_PATHS = NO;
				CLANG_ANALYZER_NONNULL = YES;
				CLANG_ANALYZER_NUMBER_OBJECT_CONVERSION = YES_AGGRESSIVE;
				CLANG_CXX_LANGUAGE_STANDARD = "gnu++20";
				CLANG_ENABLE_MODULES = YES;
				CLANG_ENABLE_OBJC_ARC = YES;
				CLANG_ENABLE_OBJC_WEAK = YES;
				CLANG_WARN_BLOCK_CAPTURE_AUTORELEASING = YES;
				CLANG_WARN_BOOL_CONVERSION = YES;
				CLANG_WARN_COMMA = YES;
				CLANG_WARN_CONSTANT_CONVERSION = YES;
				CLANG_WARN_DEPRECATED_OBJC_IMPLEMENTATIONS = YES;
				CLANG_WARN_DIRECT_OBJC_ISA_USAGE = YES_ERROR;
				CLANG_WARN_DOCUMENTATION_COMMENTS = YES;
				CLANG_WARN_EMPTY_BODY = YES;
				CLANG_WARN_ENUM_CONVERSION = YES;
				CLANG_WARN_INFINITE_RECURSION = YES;
				CLANG_WARN_INT_CONVERSION = YES;
				CLANG_WARN_NON_LITERAL_NULL_CONVERSION = YES;
				CLANG_WARN_OBJC_IMPLICIT_RETAIN_SELF = YES;
				CLANG_WARN_OBJC_LITERAL_CONVERSION = YES;
				CLANG_WARN_OBJC_ROOT_CLASS = YES_ERROR;
				CLANG_WARN_QUOTED_INCLUDE_IN_FRAMEWORK_HEADER = YES;
				CLANG_WARN_RANGE_LOOP_ANALYSIS = YES;
				CLANG_WARN_STRICT_PROTOTYPES = YES;
				CLANG_WARN_SUSPICIOUS_MOVE = YES;
				CLANG_WARN_UNGUARDED_AVAILABILITY = YES_AGGRESSIVE;
				CLANG_WARN_UNREACHABLE_CODE = YES;
				CLANG_WARN__DUPLICATE_METHOD_MATCH = YES;
				COPY_PHASE_STRIP = NO;
				DEBUG_INFORMATION_FORMAT = "dwarf-with-dsym";
				ENABLE_NS_ASSERTIONS = NO;
				ENABLE_STRICT_OBJC_MSGSEND = YES;
				GCC_C_LANGUAGE_STANDARD = gnu11;
				GCC_NO_COMMON_BLOCKS = YES;
				GCC_WARN_64_TO_32_BIT_CONVERSION = YES;
				GCC_WARN_ABOUT_RETURN_TYPE = YES_ERROR;
				GCC_WARN_UNDECLARED_SELECTOR = YES;
				GCC_WARN_UNINITIALIZED_AUTOS = YES_AGGRESSIVE;
				GCC_WARN_UNUSED_FUNCTION = YES;
				GCC_WARN_UNUSED_VARIABLE = YES;
				IPHONEOS_DEPLOYMENT_TARGET = 16.0;
				MTL_ENABLE_DEBUG_INFO = NO;
				MTL_FAST_MATH = YES;
				SDKROOT = iphoneos;
				SWIFT_COMPILATION_MODE = wholemodule;
				SWIFT_OPTIMIZATION_LEVEL = "-O";
				VALIDATE_PRODUCT = YES;
			};
			name = Release;
		};
		81F889ED29412118004BEFFC /* Debug */ = {
			isa = XCBuildConfiguration;
			buildSettings = {
				ASSETCATALOG_COMPILER_APPICON_NAME = AppIcon;
				ASSETCATALOG_COMPILER_GLOBAL_ACCENT_COLOR_NAME = AccentColor;
				CODE_SIGN_STYLE = Automatic;
				CURRENT_PROJECT_VERSION = 1;
				DEVELOPMENT_TEAM = 7P9G8L9G3Z;
				GENERATE_INFOPLIST_FILE = YES;
				INFOPLIST_FILE = adlazareva_HW5/Info.plist;
				INFOPLIST_KEY_UIApplicationSupportsIndirectInputEvents = YES;
				INFOPLIST_KEY_UILaunchStoryboardName = LaunchScreen;
				INFOPLIST_KEY_UISupportedInterfaceOrientations_iPad = "UIInterfaceOrientationPortrait UIInterfaceOrientationPortraitUpsideDown UIInterfaceOrientationLandscapeLeft UIInterfaceOrientationLandscapeRight";
				INFOPLIST_KEY_UISupportedInterfaceOrientations_iPhone = "UIInterfaceOrientationPortrait UIInterfaceOrientationLandscapeLeft UIInterfaceOrientationLandscapeRight";
				IPHONEOS_DEPLOYMENT_TARGET = 16.0;
				LD_RUNPATH_SEARCH_PATHS = (
					"$(inherited)",
					"@executable_path/Frameworks",
				);
				MARKETING_VERSION = 1.0;
				PRODUCT_BUNDLE_IDENTIFIER = "-.adlazareva-HW5";
				PRODUCT_NAME = "$(TARGET_NAME)";
				SWIFT_EMIT_LOC_STRINGS = YES;
				SWIFT_VERSION = 5.0;
				TARGETED_DEVICE_FAMILY = 1;
			};
			name = Debug;
		};
		81F889EE29412118004BEFFC /* Release */ = {
			isa = XCBuildConfiguration;
			buildSettings = {
				ASSETCATALOG_COMPILER_APPICON_NAME = AppIcon;
				ASSETCATALOG_COMPILER_GLOBAL_ACCENT_COLOR_NAME = AccentColor;
				CODE_SIGN_STYLE = Automatic;
				CURRENT_PROJECT_VERSION = 1;
				DEVELOPMENT_TEAM = 7P9G8L9G3Z;
				GENERATE_INFOPLIST_FILE = YES;
				INFOPLIST_FILE = adlazareva_HW5/Info.plist;
				INFOPLIST_KEY_UIApplicationSupportsIndirectInputEvents = YES;
				INFOPLIST_KEY_UILaunchStoryboardName = LaunchScreen;
				INFOPLIST_KEY_UISupportedInterfaceOrientations_iPad = "UIInterfaceOrientationPortrait UIInterfaceOrientationPortraitUpsideDown UIInterfaceOrientationLandscapeLeft UIInterfaceOrientationLandscapeRight";
				INFOPLIST_KEY_UISupportedInterfaceOrientations_iPhone = "UIInterfaceOrientationPortrait UIInterfaceOrientationLandscapeLeft UIInterfaceOrientationLandscapeRight";
				IPHONEOS_DEPLOYMENT_TARGET = 16.0;
				LD_RUNPATH_SEARCH_PATHS = (
					"$(inherited)",
					"@executable_path/Frameworks",
				);
				MARKETING_VERSION = 1.0;
				PRODUCT_BUNDLE_IDENTIFIER = "-.adlazareva-HW5";
				PRODUCT_NAME = "$(TARGET_NAME)";
				SWIFT_EMIT_LOC_STRINGS = YES;
				SWIFT_VERSION = 5.0;
				TARGETED_DEVICE_FAMILY = 1;
			};
			name = Release;
		};
/* End XCBuildConfiguration section */

/* Begin XCConfigurationList section */
		81F889D329412115004BEFFC /* Build configuration list for PBXProject "adlazareva_HW5" */ = {
			isa = XCConfigurationList;
			buildConfigurations = (
				81F889EA29412118004BEFFC /* Debug */,
				81F889EB29412118004BEFFC /* Release */,
			);
			defaultConfigurationIsVisible = 0;
			defaultConfigurationName = Release;
		};
		81F889EC29412118004BEFFC /* Build configuration list for PBXNativeTarget "adlazareva_HW5" */ = {
			isa = XCConfigurationList;
			buildConfigurations = (
				81F889ED29412118004BEFFC /* Debug */,
				81F889EE29412118004BEFFC /* Release */,
			);
			defaultConfigurationIsVisible = 0;
			defaultConfigurationName = Release;
		};
/* End XCConfigurationList section */
	};
	rootObject = 81F889D029412115004BEFFC /* Project object */;
}
